version = 1
revision = 1
requires-python = ">=3.12"

[[package]]
name = "fortran2py"
version = "0.1"
source = { virtual = "." }
dependencies = [
    { name = "meson" },
    { name = "ninja" },
    { name = "numpy" },
]

[package.metadata]
requires-dist = [
    { name = "meson", specifier = ">=1.8.0" },
    { name = "ninja", specifier = ">=1.11.1.4" },
    { name = "numpy", specifier = ">=2.2.5" },
]

[[package]]
name = "meson"
version = "1.8.0"
source = { registry = "https://pypi.org/simple" }
sdist = { url = "https://files.pythonhosted.org/packages/2d/28/82509ddb26dc11790acc83fef183edf8fd7cbfd4c69572fd2bd10d18be2e/meson-1.8.0.tar.gz", hash = "sha256:0a9b23311271519bd03dca12d7d8b0eab582c3a2c5da433d465b6e519dc88e2f", size = 2334911 }
wheels = [
    { url = "https://files.pythonhosted.org/packages/df/d7/f1c8acf0e597d4d07532f519780ee6e11ba285a9b092f18706b4c9118331/meson-1.8.0-py3-none-any.whl", hash = "sha256:472b7b25da286447333d32872b82d1c6f1a34024fb8ee017d7308056c25fec1f", size = 1012501 },
]

[[package]]
name = "ninja"
version = "1.11.1.4"
source = { registry = "https://pypi.org/simple" }
sdist = { url = "https://files.pythonhosted.org/packages/95/d4/6b0324541018561c5e73e617bd16f20a4fc17d1179bb3b3520b6ca8beb7b/ninja-1.11.1.4.tar.gz", hash = "sha256:6aa39f6e894e0452e5b297327db00019383ae55d5d9c57c73b04f13bf79d438a", size = 201256 }
wheels = [
    { url = "https://files.pythonhosted.org/packages/4f/b1/3a61b348936b62a386465b1937cd778fa3a5748582e26d832dbab844ff27/ninja-1.11.1.4-py3-none-macosx_10_9_universal2.whl", hash = "sha256:b33923c8da88e8da20b6053e38deb433f53656441614207e01d283ad02c5e8e7", size = 279071 },
    { url = "https://files.pythonhosted.org/packages/12/42/4c94fdad51fcf1f039a156e97de9e4d564c2a8cc0303782d36f9bd893a4b/ninja-1.11.1.4-py3-none-manylinux_2_12_i686.manylinux2010_i686.whl", hash = "sha256:cede0af00b58e27b31f2482ba83292a8e9171cdb9acc2c867a3b6e40b3353e43", size = 472026 },
    { url = "https://files.pythonhosted.org/packages/eb/7a/455d2877fe6cf99886849c7f9755d897df32eaf3a0fba47b56e615f880f7/ninja-1.11.1.4-py3-none-manylinux_2_12_x86_64.manylinux2010_x86_64.whl", hash = "sha256:096487995473320de7f65d622c3f1d16c3ad174797602218ca8c967f51ec38a0", size = 422814 },
    { url = "https://files.pythonhosted.org/packages/e3/ad/fb6cca942528e25e8e0ab0f0cf98fe007319bf05cf69d726c564b815c4af/ninja-1.11.1.4-py3-none-manylinux_2_17_aarch64.manylinux2014_aarch64.whl", hash = "sha256:d3090d4488fadf6047d0d7a1db0c9643a8d391f0d94729554dbb89b5bdc769d7", size = 156965 },
    { url = "https://files.pythonhosted.org/packages/a8/e7/d94a1b60031b115dd88526834b3da69eaacdc3c1a6769773ca8e2b1386b5/ninja-1.11.1.4-py3-none-manylinux_2_17_ppc64le.manylinux2014_ppc64le.whl", hash = "sha256:ecce44a00325a93631792974659cf253a815cc6da4ec96f89742925dfc295a0d", size = 179937 },
    { url = "https://files.pythonhosted.org/packages/08/cc/e9316a28235409e9363794fc3d0b3083e48dd80d441006de66421e55f364/ninja-1.11.1.4-py3-none-manylinux_2_17_s390x.manylinux2014_s390x.whl", hash = "sha256:9c29bb66d2aa46a2409ab369ea804c730faec7652e8c22c1e428cc09216543e5", size = 157020 },
    { url = "https://files.pythonhosted.org/packages/e3/30/389b22300541aa5f2e9dad322c4de2f84be4e32aa4e8babd9160d620b5f1/ninja-1.11.1.4-py3-none-manylinux_2_28_armv7l.manylinux_2_31_armv7l.whl", hash = "sha256:055f386fb550c2c9d6157e45e20a84d29c47968876b9c5794ae2aec46f952306", size = 130389 },
    { url = "https://files.pythonhosted.org/packages/a9/10/e27f35cb92813aabbb7ae771b1685b45be1cc8a0798ce7d4bfd08d142b93/ninja-1.11.1.4-py3-none-musllinux_1_1_aarch64.whl", hash = "sha256:f6186d7607bb090c3be1e10c8a56b690be238f953616626f5032238c66e56867", size = 372435 },
    { url = "https://files.pythonhosted.org/packages/c2/26/e3559619756739aae124c6abf7fe41f7e546ab1209cfbffb13137bff2d2e/ninja-1.11.1.4-py3-none-musllinux_1_1_i686.whl", hash = "sha256:cf4453679d15babc04ba023d68d091bb613091b67101c88f85d2171c6621c6eb", size = 419300 },
    { url = "https://files.pythonhosted.org/packages/35/46/809e4e9572570991b8e6f88f3583807d017371ab4cb09171cbc72a7eb3e4/ninja-1.11.1.4-py3-none-musllinux_1_1_ppc64le.whl", hash = "sha256:d4a6f159b08b0ac4aca5ee1572e3e402f969139e71d85d37c0e2872129098749", size = 420239 },
    { url = "https://files.pythonhosted.org/packages/e6/64/5cb5710d15f844edf02ada577f8eddfdcd116f47eec15850f3371a3a4b33/ninja-1.11.1.4-py3-none-musllinux_1_1_s390x.whl", hash = "sha256:c3b96bd875f3ef1db782470e9e41d7508905a0986571f219d20ffed238befa15", size = 415986 },
    { url = "https://files.pythonhosted.org/packages/95/b2/0e9ab1d926f423b12b09925f78afcc5e48b3c22e7121be3ddf6c35bf06a3/ninja-1.11.1.4-py3-none-musllinux_1_1_x86_64.whl", hash = "sha256:cf554e73f72c04deb04d0cf51f5fdb1903d9c9ca3d2344249c8ce3bd616ebc02", size = 379657 },
    { url = "https://files.pythonhosted.org/packages/c8/3e/fd6d330d0434168e7fe070d414b57dd99c4c133faa69c05b42a3cbdc6c13/ninja-1.11.1.4-py3-none-musllinux_1_2_armv7l.whl", hash = "sha256:cfdd09776436a1ff3c4a2558d3fc50a689fb9d7f1bdbc3e6f7b8c2991341ddb3", size = 454466 },
    { url = "https://files.pythonhosted.org/packages/e6/df/a25f3ad0b1c59d1b90564096e4fd89a6ca30d562b1e942f23880c3000b89/ninja-1.11.1.4-py3-none-win32.whl", hash = "sha256:2ab67a41c90bea5ec4b795bab084bc0b3b3bb69d3cd21ca0294fc0fc15a111eb", size = 255931 },
    { url = "https://files.pythonhosted.org/packages/5b/10/9b8fe9ac004847490cc7b54896124c01ce2d87d95dc60aabd0b8591addff/ninja-1.11.1.4-py3-none-win_amd64.whl", hash = "sha256:4617b3c12ff64b611a7d93fd9e378275512bb36eff8babff7c83f5116b4f8d66", size = 296461 },
    { url = "https://files.pythonhosted.org/packages/b9/58/612a17593c2d117f96c7f6b7f1e6570246bddc4b1e808519403a1417f217/ninja-1.11.1.4-py3-none-win_arm64.whl", hash = "sha256:5713cf50c5be50084a8693308a63ecf9e55c3132a78a41ab1363a28b6caaaee1", size = 271441 },
]

[[package]]
name = "numpy"
version = "2.2.5"
source = { registry = "https://pypi.org/simple" }
sdist = { url = "https://files.pythonhosted.org/packages/dc/b2/ce4b867d8cd9c0ee84938ae1e6a6f7926ebf928c9090d036fc3c6a04f946/numpy-2.2.5.tar.gz", hash = "sha256:a9c0d994680cd991b1cb772e8b297340085466a6fe964bc9d4e80f5e2f43c291", size = 20273920 }
wheels = [
    { url = "https://files.pythonhosted.org/packages/e2/f7/1fd4ff108cd9d7ef929b8882692e23665dc9c23feecafbb9c6b80f4ec583/numpy-2.2.5-cp312-cp312-macosx_10_13_x86_64.whl", hash = "sha256:ee461a4eaab4f165b68780a6a1af95fb23a29932be7569b9fab666c407969051", size = 20948633 },
    { url = "https://files.pythonhosted.org/packages/12/03/d443c278348371b20d830af155ff2079acad6a9e60279fac2b41dbbb73d8/numpy-2.2.5-cp312-cp312-macosx_11_0_arm64.whl", hash = "sha256:ec31367fd6a255dc8de4772bd1658c3e926d8e860a0b6e922b615e532d320ddc", size = 14176123 },
    { url = "https://files.pythonhosted.org/packages/2b/0b/5ca264641d0e7b14393313304da48b225d15d471250376f3fbdb1a2be603/numpy-2.2.5-cp312-cp312-macosx_14_0_arm64.whl", hash = "sha256:47834cde750d3c9f4e52c6ca28a7361859fcaf52695c7dc3cc1a720b8922683e", size = 5163817 },
    { url = "https://files.pythonhosted.org/packages/04/b3/d522672b9e3d28e26e1613de7675b441bbd1eaca75db95680635dd158c67/numpy-2.2.5-cp312-cp312-macosx_14_0_x86_64.whl", hash = "sha256:2c1a1c6ccce4022383583a6ded7bbcda22fc635eb4eb1e0a053336425ed36dfa", size = 6698066 },
    { url = "https://files.pythonhosted.org/packages/a0/93/0f7a75c1ff02d4b76df35079676b3b2719fcdfb39abdf44c8b33f43ef37d/numpy-2.2.5-cp312-cp312-manylinux_2_17_aarch64.manylinux2014_aarch64.whl", hash = "sha256:9d75f338f5f79ee23548b03d801d28a505198297534f62416391857ea0479571", size = 14087277 },
    { url = "https://files.pythonhosted.org/packages/b0/d9/7c338b923c53d431bc837b5b787052fef9ae68a56fe91e325aac0d48226e/numpy-2.2.5-cp312-cp312-manylinux_2_17_x86_64.manylinux2014_x86_64.whl", hash = "sha256:3a801fef99668f309b88640e28d261991bfad9617c27beda4a3aec4f217ea073", size = 16135742 },
    { url = "https://files.pythonhosted.org/packages/2d/10/4dec9184a5d74ba9867c6f7d1e9f2e0fb5fe96ff2bf50bb6f342d64f2003/numpy-2.2.5-cp312-cp312-musllinux_1_2_aarch64.whl", hash = "sha256:abe38cd8381245a7f49967a6010e77dbf3680bd3627c0fe4362dd693b404c7f8", size = 15581825 },
    { url = "https://files.pythonhosted.org/packages/80/1f/2b6fcd636e848053f5b57712a7d1880b1565eec35a637fdfd0a30d5e738d/numpy-2.2.5-cp312-cp312-musllinux_1_2_x86_64.whl", hash = "sha256:5a0ac90e46fdb5649ab6369d1ab6104bfe5854ab19b645bf5cda0127a13034ae", size = 17899600 },
    { url = "https://files.pythonhosted.org/packages/ec/87/36801f4dc2623d76a0a3835975524a84bd2b18fe0f8835d45c8eae2f9ff2/numpy-2.2.5-cp312-cp312-win32.whl", hash = "sha256:0cd48122a6b7eab8f06404805b1bd5856200e3ed6f8a1b9a194f9d9054631beb", size = 6312626 },
    { url = "https://files.pythonhosted.org/packages/8b/09/4ffb4d6cfe7ca6707336187951992bd8a8b9142cf345d87ab858d2d7636a/numpy-2.2.5-cp312-cp312-win_amd64.whl", hash = "sha256:ced69262a8278547e63409b2653b372bf4baff0870c57efa76c5703fd6543282", size = 12645715 },
    { url = "https://files.pythonhosted.org/packages/e2/a0/0aa7f0f4509a2e07bd7a509042967c2fab635690d4f48c6c7b3afd4f448c/numpy-2.2.5-cp313-cp313-macosx_10_13_x86_64.whl", hash = "sha256:059b51b658f4414fff78c6d7b1b4e18283ab5fa56d270ff212d5ba0c561846f4", size = 20935102 },
    { url = "https://files.pythonhosted.org/packages/7e/e4/a6a9f4537542912ec513185396fce52cdd45bdcf3e9d921ab02a93ca5aa9/numpy-2.2.5-cp313-cp313-macosx_11_0_arm64.whl", hash = "sha256:47f9ed103af0bc63182609044b0490747e03bd20a67e391192dde119bf43d52f", size = 14191709 },
    { url = "https://files.pythonhosted.org/packages/be/65/72f3186b6050bbfe9c43cb81f9df59ae63603491d36179cf7a7c8d216758/numpy-2.2.5-cp313-cp313-macosx_14_0_arm64.whl", hash = "sha256:261a1ef047751bb02f29dfe337230b5882b54521ca121fc7f62668133cb119c9", size = 5149173 },
    { url = "https://files.pythonhosted.org/packages/e5/e9/83e7a9432378dde5802651307ae5e9ea07bb72b416728202218cd4da2801/numpy-2.2.5-cp313-cp313-macosx_14_0_x86_64.whl", hash = "sha256:4520caa3807c1ceb005d125a75e715567806fed67e315cea619d5ec6e75a4191", size = 6684502 },
    { url = "https://files.pythonhosted.org/packages/ea/27/b80da6c762394c8ee516b74c1f686fcd16c8f23b14de57ba0cad7349d1d2/numpy-2.2.5-cp313-cp313-manylinux_2_17_aarch64.manylinux2014_aarch64.whl", hash = "sha256:3d14b17b9be5f9c9301f43d2e2a4886a33b53f4e6fdf9ca2f4cc60aeeee76372", size = 14084417 },
    { url = "https://files.pythonhosted.org/packages/aa/fc/ebfd32c3e124e6a1043e19c0ab0769818aa69050ce5589b63d05ff185526/numpy-2.2.5-cp313-cp313-manylinux_2_17_x86_64.manylinux2014_x86_64.whl", hash = "sha256:2ba321813a00e508d5421104464510cc962a6f791aa2fca1c97b1e65027da80d", size = 16133807 },
    { url = "https://files.pythonhosted.org/packages/bf/9b/4cc171a0acbe4666f7775cfd21d4eb6bb1d36d3a0431f48a73e9212d2278/numpy-2.2.5-cp313-cp313-musllinux_1_2_aarch64.whl", hash = "sha256:a4cbdef3ddf777423060c6f81b5694bad2dc9675f110c4b2a60dc0181543fac7", size = 15575611 },
    { url = "https://files.pythonhosted.org/packages/a3/45/40f4135341850df48f8edcf949cf47b523c404b712774f8855a64c96ef29/numpy-2.2.5-cp313-cp313-musllinux_1_2_x86_64.whl", hash = "sha256:54088a5a147ab71a8e7fdfd8c3601972751ded0739c6b696ad9cb0343e21ab73", size = 17895747 },
    { url = "https://files.pythonhosted.org/packages/f8/4c/b32a17a46f0ffbde8cc82df6d3daeaf4f552e346df143e1b188a701a8f09/numpy-2.2.5-cp313-cp313-win32.whl", hash = "sha256:c8b82a55ef86a2d8e81b63da85e55f5537d2157165be1cb2ce7cfa57b6aef38b", size = 6309594 },
    { url = "https://files.pythonhosted.org/packages/13/ae/72e6276feb9ef06787365b05915bfdb057d01fceb4a43cb80978e518d79b/numpy-2.2.5-cp313-cp313-win_amd64.whl", hash = "sha256:d8882a829fd779f0f43998e931c466802a77ca1ee0fe25a3abe50278616b1471", size = 12638356 },
    { url = "https://files.pythonhosted.org/packages/79/56/be8b85a9f2adb688e7ded6324e20149a03541d2b3297c3ffc1a73f46dedb/numpy-2.2.5-cp313-cp313t-macosx_10_13_x86_64.whl", hash = "sha256:e8b025c351b9f0e8b5436cf28a07fa4ac0204d67b38f01433ac7f9b870fa38c6", size = 20963778 },
    { url = "https://files.pythonhosted.org/packages/ff/77/19c5e62d55bff507a18c3cdff82e94fe174957bad25860a991cac719d3ab/numpy-2.2.5-cp313-cp313t-macosx_11_0_arm64.whl", hash = "sha256:8dfa94b6a4374e7851bbb6f35e6ded2120b752b063e6acdd3157e4d2bb922eba", size = 14207279 },
    { url = "https://files.pythonhosted.org/packages/75/22/aa11f22dc11ff4ffe4e849d9b63bbe8d4ac6d5fae85ddaa67dfe43be3e76/numpy-2.2.5-cp313-cp313t-macosx_14_0_arm64.whl", hash = "sha256:97c8425d4e26437e65e1d189d22dff4a079b747ff9c2788057bfb8114ce1e133", size = 5199247 },
    { url = "https://files.pythonhosted.org/packages/4f/6c/12d5e760fc62c08eded0394f62039f5a9857f758312bf01632a81d841459/numpy-2.2.5-cp313-cp313t-macosx_14_0_x86_64.whl", hash = "sha256:352d330048c055ea6db701130abc48a21bec690a8d38f8284e00fab256dc1376", size = 6711087 },
    { url = "https://files.pythonhosted.org/packages/ef/94/ece8280cf4218b2bee5cec9567629e61e51b4be501e5c6840ceb593db945/numpy-2.2.5-cp313-cp313t-manylinux_2_17_aarch64.manylinux2014_aarch64.whl", hash = "sha256:8b4c0773b6ada798f51f0f8e30c054d32304ccc6e9c5d93d46cb26f3d385ab19", size = 14059964 },
    { url = "https://files.pythonhosted.org/packages/39/41/c5377dac0514aaeec69115830a39d905b1882819c8e65d97fc60e177e19e/numpy-2.2.5-cp313-cp313t-manylinux_2_17_x86_64.manylinux2014_x86_64.whl", hash = "sha256:55f09e00d4dccd76b179c0f18a44f041e5332fd0e022886ba1c0bbf3ea4a18d0", size = 16121214 },
    { url = "https://files.pythonhosted.org/packages/db/54/3b9f89a943257bc8e187145c6bc0eb8e3d615655f7b14e9b490b053e8149/numpy-2.2.5-cp313-cp313t-musllinux_1_2_aarch64.whl", hash = "sha256:02f226baeefa68f7d579e213d0f3493496397d8f1cff5e2b222af274c86a552a", size = 15575788 },
    { url = "https://files.pythonhosted.org/packages/b1/c4/2e407e85df35b29f79945751b8f8e671057a13a376497d7fb2151ba0d290/numpy-2.2.5-cp313-cp313t-musllinux_1_2_x86_64.whl", hash = "sha256:c26843fd58f65da9491165072da2cccc372530681de481ef670dcc8e27cfb066", size = 17893672 },
    { url = "https://files.pythonhosted.org/packages/29/7e/d0b44e129d038dba453f00d0e29ebd6eaf2f06055d72b95b9947998aca14/numpy-2.2.5-cp313-cp313t-win32.whl", hash = "sha256:1a161c2c79ab30fe4501d5a2bbfe8b162490757cf90b7f05be8b80bc02f7bb8e", size = 6377102 },
    { url = "https://files.pythonhosted.org/packages/63/be/b85e4aa4bf42c6502851b971f1c326d583fcc68227385f92089cf50a7b45/numpy-2.2.5-cp313-cp313t-win_amd64.whl", hash = "sha256:d403c84991b5ad291d3809bace5e85f4bbf44a04bdc9a88ed2bb1807b3360bb8", size = 12750096 },
]
